{
    "_readme": [
        "This file locks the dependencies of your project to a known state",
        "Read more about it at https://getcomposer.org/doc/01-basic-usage.md#composer-lock-the-lock-file",
        "This file is @generated automatically"
    ],
    "content-hash": "2fb8b3de786206d33b3e053df2ab7074",
    "packages": [
        {
            "name": "analog/analog",
            "version": "1.0.10-stable",
            "source": {
                "type": "git",
                "url": "https://github.com/jbroadway/analog.git",
                "reference": "65dce6b5aff8c77307c783e607c04a35df8259d6"
            },
            "dist": {
                "type": "zip",
                "url": "https://api.github.com/repos/jbroadway/analog/zipball/65dce6b5aff8c77307c783e607c04a35df8259d6",
                "reference": "65dce6b5aff8c77307c783e607c04a35df8259d6",
                "shasum": ""
            },
            "require": {
                "php": ">=5.3.2",
                "psr/log": "1.*"
            },
            "type": "library",
            "autoload": {
                "psr-0": {
                    "Analog": "lib/"
                }
            },
            "notification-url": "https://packagist.org/downloads/",
            "license": [
                "MIT"
            ],
            "authors": [
                {
                    "name": "Johnny Broadway",
                    "email": "johnny@johnnybroadway.com",
                    "homepage": "http://www.johnnybroadway.com/"
                }
            ],
            "description": "PHP logging class that can be extended via closures. Includes several pre-built handlers including file, mail, syslog, HTTP post, and MongoDB.",
            "homepage": "https://github.com/jbroadway/analog",
            "keywords": [
                "alerts",
                "debug",
                "debugging",
                "error",
                "log",
                "logger",
                "logging",
                "syslog"
            ],
            "time": "2017-09-17T02:30:30+00:00"
        },
        {
            "name": "atoum/atoum",
            "version": "dev-master",
            "source": {
                "type": "git",
                "url": "https://github.com/atoum/atoum.git",
                "reference": "f7bb8d9a37daf0d2be67aca7dc8f6f54212a41bd"
            },
            "dist": {
                "type": "zip",
                "url": "https://api.github.com/repos/atoum/atoum/zipball/f7bb8d9a37daf0d2be67aca7dc8f6f54212a41bd",
                "reference": "f7bb8d9a37daf0d2be67aca7dc8f6f54212a41bd",
                "shasum": ""
            },
            "require": {
                "ext-hash": "*",
                "ext-json": "*",
                "ext-tokenizer": "*",
                "ext-xml": "*",
                "php": "^5.6.0 || ^7.0.0"
            },
            "replace": {
                "mageekguy/atoum": "*"
            },
            "require-dev": {
                "friendsofphp/php-cs-fixer": "~1.12"
            },
            "suggest": {
                "atoum/stubs": "Provides IDE support (like autocompletion) for atoum",
                "ext-mbstring": "Provides support for UTF-8 strings",
                "ext-xdebug": "Provides code coverage report (>= 2.3)"
            },
            "bin": [
                "bin/atoum"
            ],
            "type": "library",
            "extra": {
                "branch-alias": {
                    "dev-master": "3.x-dev"
                }
            },
            "autoload": {
                "classmap": [
                    "classes/"
                ]
            },
            "notification-url": "https://packagist.org/downloads/",
            "license": [
                "BSD-3-Clause"
            ],
            "authors": [
                {
                    "name": "Frédéric Hardy",
                    "email": "frederic.hardy@atoum.org",
                    "homepage": "http://blog.mageekbox.net"
                },
                {
                    "name": "François Dussert",
                    "email": "francois.dussert@atoum.org"
                },
                {
                    "name": "Gérald Croes",
                    "email": "gerald.croes@atoum.org"
                },
                {
                    "name": "Julien Bianchi",
                    "email": "julien.bianchi@atoum.org"
                },
                {
                    "name": "Ludovic Fleury",
                    "email": "ludovic.fleury@atoum.org"
                }
            ],
            "description": "Simple modern and intuitive unit testing framework for PHP 5.3+",
            "homepage": "http://www.atoum.org",
            "keywords": [
                "TDD",
                "atoum",
                "test",
                "unit testing"
            ],
            "time": "2017-09-07 08:27:16"
        },
        {
            "name": "psr/log",
            "version": "1.0.2",
            "source": {
                "type": "git",
                "url": "https://github.com/php-fig/log.git",
                "reference": "4ebe3a8bf773a19edfe0a84b6585ba3d401b724d"
            },
            "dist": {
                "type": "zip",
                "url": "https://api.github.com/repos/php-fig/log/zipball/4ebe3a8bf773a19edfe0a84b6585ba3d401b724d",
                "reference": "4ebe3a8bf773a19edfe0a84b6585ba3d401b724d",
                "shasum": ""
            },
            "require": {
                "php": ">=5.3.0"
            },
            "type": "library",
            "extra": {
                "branch-alias": {
                    "dev-master": "1.0.x-dev"
                }
            },
            "autoload": {
                "psr-4": {
                    "Psr\\Log\\": "Psr/Log/"
                }
            },
            "notification-url": "https://packagist.org/downloads/",
            "license": [
                "MIT"
            ],
            "authors": [
                {
                    "name": "PHP-FIG",
                    "homepage": "http://www.php-fig.org/"
                }
            ],
            "description": "Common interface for logging libraries",
            "homepage": "https://github.com/php-fig/log",
            "keywords": [
                "log",
                "psr",
                "psr-3"
            ],
            "time": "2016-10-10T12:19:37+00:00"
        },
        {
            "name": "slim/slim",
            "version": "2.4.3",
            "source": {
                "type": "git",
                "url": "https://github.com/slimphp/Slim.git",
                "reference": "4906b77a07c7bd6ff1a99aea903e940a2d4fa106"
            },
            "dist": {
                "type": "zip",
                "url": "https://api.github.com/repos/slimphp/Slim/zipball/4906b77a07c7bd6ff1a99aea903e940a2d4fa106",
                "reference": "4906b77a07c7bd6ff1a99aea903e940a2d4fa106",
                "shasum": ""
            },
            "require": {
                "php": ">=5.3.0"
            },
            "suggest": {
                "ext-mcrypt": "Required for HTTP cookie encryption"
            },
            "type": "library",
            "autoload": {
                "psr-0": {
                    "Slim": "."
                }
            },
            "notification-url": "https://packagist.org/downloads/",
            "license": [
                "MIT"
            ],
            "authors": [
                {
                    "name": "Josh Lockhart",
                    "email": "info@joshlockhart.com",
                    "homepage": "http://www.joshlockhart.com/"
                }
            ],
            "description": "Slim Framework, a PHP micro framework",
            "homepage": "http://github.com/codeguy/Slim",
            "keywords": [
                "microframework",
                "rest",
                "router"
            ],
            "time": "2014-04-05T18:33:59+00:00"
        },
        {
            "name": "slim/views",
            "version": "0.1.3",
            "source": {
                "type": "git",
                "url": "https://github.com/slimphp/Slim-Views.git",
                "reference": "8561c785e55a39df6cb6f95c3aba3281a60ed5b0"
            },
            "dist": {
                "type": "zip",
                "url": "https://api.github.com/repos/slimphp/Slim-Views/zipball/8561c785e55a39df6cb6f95c3aba3281a60ed5b0",
                "reference": "8561c785e55a39df6cb6f95c3aba3281a60ed5b0",
                "shasum": ""
            },
            "require": {
                "php": ">=5.3.0",
                "slim/slim": ">=2.4.0"
            },
            "suggest": {
                "smarty/smarty": "Smarty templating system",
                "twig/twig": "Twig templating system"
            },
            "type": "library",
            "autoload": {
                "psr-4": {
                    "Slim\\Views\\": "./"
                }
            },
            "notification-url": "https://packagist.org/downloads/",
            "license": [
                "MIT"
            ],
            "authors": [
                {
                    "name": "Josh Lockhart",
                    "email": "info@joshlockhart.com",
                    "homepage": "http://www.joshlockhart.com/"
                },
                {
                    "name": "Andrew Smith",
                    "email": "a.smith@silentworks.co.uk",
                    "homepage": "http://thoughts.silentworks.co.uk/"
                }
            ],
            "description": "Smarty and Twig View Parser package for the Slim Framework",
            "homepage": "http://github.com/codeguy/Slim-Views",
            "keywords": [
                "extensions",
                "slimphp",
                "templating"
            ],
            "time": "2014-12-09T23:48:51+00:00"
        },
        {
            "name": "symfony/yaml",
            "version": "v2.3.42",
            "target-dir": "Symfony/Component/Yaml",
            "source": {
                "type": "git",
                "url": "https://github.com/symfony/yaml.git",
                "reference": "2cb5f366f9e0df014fc93de46cc416ba0a3055f8"
            },
            "dist": {
                "type": "zip",
                "url": "https://api.github.com/repos/symfony/yaml/zipball/2cb5f366f9e0df014fc93de46cc416ba0a3055f8",
                "reference": "2cb5f366f9e0df014fc93de46cc416ba0a3055f8",
                "shasum": ""
            },
            "require": {
                "php": ">=5.3.3"
            },
            "type": "library",
            "extra": {
                "branch-alias": {
                    "dev-master": "2.3-dev"
                }
            },
            "autoload": {
                "psr-0": {
                    "Symfony\\Component\\Yaml\\": ""
                },
                "exclude-from-classmap": [
                    "/Tests/"
                ]
            },
            "notification-url": "https://packagist.org/downloads/",
            "license": [
                "MIT"
            ],
            "authors": [
                {
                    "name": "Fabien Potencier",
                    "email": "fabien@symfony.com"
                },
                {
                    "name": "Symfony Community",
                    "homepage": "https://symfony.com/contributors"
                }
            ],
            "description": "Symfony Yaml Component",
            "homepage": "https://symfony.com",
            "time": "2016-05-30T08:10:17+00:00"
        },
        {
            "name": "tecnickcom/tcpdf",
            "version": "6.0.099",
            "source": {
                "type": "git",
                "url": "https://github.com/tecnickcom/TCPDF.git",
                "reference": "75e7ad39458e060d0cae6fcb7d50a2c9f3af1b01"
            },
            "dist": {
                "type": "zip",
                "url": "https://api.github.com/repos/tecnickcom/TCPDF/zipball/75e7ad39458e060d0cae6fcb7d50a2c9f3af1b01",
                "reference": "75e7ad39458e060d0cae6fcb7d50a2c9f3af1b01",
                "shasum": ""
            },
            "require": {
                "php": ">=5.3.0"
            },
            "type": "library",
            "autoload": {
                "classmap": [
                    "fonts",
                    "config",
                    "include",
                    "tcpdf.php",
                    "tcpdf_parser.php",
                    "tcpdf_import.php",
                    "tcpdf_barcodes_1d.php",
                    "tcpdf_barcodes_2d.php",
                    "include/tcpdf_colors.php",
                    "include/tcpdf_filters.php",
                    "include/tcpdf_font_data.php",
                    "include/tcpdf_fonts.php",
                    "include/tcpdf_images.php",
                    "include/tcpdf_static.php",
                    "include/barcodes/datamatrix.php",
                    "include/barcodes/pdf417.php",
                    "include/barcodes/qrcode.php"
                ]
            },
            "notification-url": "https://packagist.org/downloads/",
            "license": [
                "LGPLv3"
            ],
            "authors": [
                {
                    "name": "Nicola Asuni",
                    "email": "info@tecnick.com",
                    "homepage": "http://nicolaasuni.tecnick.com"
                }
            ],
            "description": "TCPDF is a PHP class for generating PDF documents and barcodes.",
            "homepage": "http://www.tcpdf.org/",
            "keywords": [
                "PDFD32000-2008",
                "TCPDF",
                "barcodes",
                "datamatrix",
                "pdf",
                "pdf417",
                "qrcode"
            ],
            "time": "2014-11-15T12:35:49+00:00"
        },
        {
            "name": "twig/extensions",
            "version": "v1.5.1",
            "source": {
                "type": "git",
                "url": "https://github.com/twigphp/Twig-extensions.git",
                "reference": "d188c76168b853481cc75879ea045bf93d718e9c"
            },
            "dist": {
                "type": "zip",
                "url": "https://api.github.com/repos/twigphp/Twig-extensions/zipball/d188c76168b853481cc75879ea045bf93d718e9c",
                "reference": "d188c76168b853481cc75879ea045bf93d718e9c",
                "shasum": ""
            },
            "require": {
                "twig/twig": "~1.27|~2.0"
            },
            "require-dev": {
                "symfony/phpunit-bridge": "~3.3@dev",
                "symfony/translation": "~2.3|~3.0"
            },
            "suggest": {
                "symfony/translation": "Allow the time_diff output to be translated"
            },
            "type": "library",
            "extra": {
                "branch-alias": {
                    "dev-master": "1.5-dev"
                }
            },
            "autoload": {
                "psr-0": {
                    "Twig_Extensions_": "lib/"
                },
                "psr-4": {
                    "Twig\\Extensions\\": "src/"
                }
            },
            "notification-url": "https://packagist.org/downloads/",
            "license": [
                "MIT"
            ],
            "authors": [
                {
                    "name": "Fabien Potencier",
                    "email": "fabien@symfony.com"
                }
            ],
            "description": "Common additional features for Twig that do not directly belong in core",
            "homepage": "http://twig.sensiolabs.org/doc/extensions/index.html",
            "keywords": [
                "i18n",
                "text"
            ],
            "time": "2017-06-08T18:19:53+00:00"
        },
        {
            "name": "twig/twig",
            "version": "v1.34.4",
            "source": {
                "type": "git",
                "url": "https://github.com/twigphp/Twig.git",
                "reference": "f878bab48edb66ad9c6ed626bf817f60c6c096ee"
            },
            "dist": {
                "type": "zip",
                "url": "https://api.github.com/repos/twigphp/Twig/zipball/f878bab48edb66ad9c6ed626bf817f60c6c096ee",
                "reference": "f878bab48edb66ad9c6ed626bf817f60c6c096ee",
                "shasum": ""
            },
            "require": {
                "php": ">=5.3.3"
            },
            "require-dev": {
                "psr/container": "^1.0",
                "symfony/debug": "~2.7",
                "symfony/phpunit-bridge": "~3.3@dev"
            },
            "type": "library",
            "extra": {
                "branch-alias": {
                    "dev-master": "1.34-dev"
                }
            },
            "autoload": {
                "psr-0": {
                    "Twig_": "lib/"
                },
                "psr-4": {
                    "Twig\\": "src/"
                }
            },
            "notification-url": "https://packagist.org/downloads/",
            "license": [
                "BSD-3-Clause"
            ],
            "authors": [
                {
                    "name": "Fabien Potencier",
                    "email": "fabien@symfony.com",
                    "homepage": "http://fabien.potencier.org",
                    "role": "Lead Developer"
                },
                {
                    "name": "Armin Ronacher",
                    "email": "armin.ronacher@active-4.com",
                    "role": "Project Founder"
                },
                {
                    "name": "Twig Team",
                    "homepage": "http://twig.sensiolabs.org/contributors",
                    "role": "Contributors"
                }
            ],
            "description": "Twig, the flexible, fast, and secure template language for PHP",
            "homepage": "http://twig.sensiolabs.org",
            "keywords": [
                "templating"
            ],
            "time": "2017-07-04T13:19:31+00:00"
        }
    ],
    "packages-dev": [],
    "aliases": [],
    "minimum-stability": "stable",
    "stability-flags": {
        "atoum/atoum": 20
    },
    "prefer-stable": false,
    "prefer-lowest": false,
    "platform": {
        "php": ">= 5.3.7"
    },
    "platform-dev": []
}
